// !$*UTF8*$!
{
	archiveVersion = 1;
	classes = {
	};
	objectVersion = 77;
	objects = {

/* Begin PBXBuildFile section */
		0C35236BC3E29A83BF9334CD /* ProgressPostCard.swift in Sources */ = {isa = PBXBuildFile; fileRef = EED8126397A2C498DB5507C4 /* ProgressPostCard.swift */; };
		0C573BBFCD693ABC150B7873 /* DemoData.swift in Sources */ = {isa = PBXBuildFile; fileRef = 698713D5102923E7503E7814 /* DemoData.swift */; };
		0F8B1176060F05A644AAF8FB /* DemoProgressData.swift in Sources */ = {isa = PBXBuildFile; fileRef = DE8F848785E4625A02FD27C0 /* DemoProgressData.swift */; };
		11468F8BEBF2F4322FE3984E /* PushStatusStore.swift in Sources */ = {isa = PBXBuildFile; fileRef = 86EA31B759446323F119D8E0 /* PushStatusStore.swift */; };
		11615439C9BCA9AC0736421B /* MessageDetailView.swift in Sources */ = {isa = PBXBuildFile; fileRef = 28EB27DAC59C7B7C49A5546D /* MessageDetailView.swift */; };
		1553776326486621FD350726 /* InboxView.swift in Sources */ = {isa = PBXBuildFile; fileRef = C168405A30C4BEEF41971C62 /* InboxView.swift */; };
		16C915691385AF2141445969 /* MessageAttributeStyle.swift in Sources */ = {isa = PBXBuildFile; fileRef = CFD23CFEB57E9C49C9FBB463 /* MessageAttributeStyle.swift */; };
		1A90CA63E5F60222225B57A9 /* MessageMetaTests.swift in Sources */ = {isa = PBXBuildFile; fileRef = 7885D31E535B87C2C2331FF0 /* MessageMetaTests.swift */; };
		1AE44BECED62093912724A21 /* ProgressVideoPlayer.swift in Sources */ = {isa = PBXBuildFile; fileRef = FCDF1755B148C5042639522C /* ProgressVideoPlayer.swift */; };
		1AF4333A617AE66DA09E64C5 /* ConnectionStore.swift in Sources */ = {isa = PBXBuildFile; fileRef = 8732DC9D272987A1B036C854 /* ConnectionStore.swift */; };
		1B3C732EF15C1BA795BD70EC /* ProgressFeedView.swift in Sources */ = {isa = PBXBuildFile; fileRef = CCDC745C836E39A5B0650834 /* ProgressFeedView.swift */; };
		1DE86178D9794D1353514B9E /* ProgressMediaLayout.swift in Sources */ = {isa = PBXBuildFile; fileRef = D14706EB7C3D0C23F4FE4937 /* ProgressMediaLayout.swift */; };
		2CD562188427FC30B93E263F /* HomeView.swift in Sources */ = {isa = PBXBuildFile; fileRef = 7BD94B07A02B8B7941191B7A /* HomeView.swift */; };
		2F8E9AAFBC7E168D48F0B03E /* Localizable.xcstrings in Resources */ = {isa = PBXBuildFile; fileRef = B448CB7C1CB5C5B31FEBB796 /* Localizable.xcstrings */; };
		335B4FE46BDAA8A5C0A2BBF0 /* ReplySheet.swift in Sources */ = {isa = PBXBuildFile; fileRef = AC5C1C4D0AD1D5C7D3E664A8 /* ReplySheet.swift */; };
		38B4E5E3C3C61AA905A57CEA /* AppRouter.swift in Sources */ = {isa = PBXBuildFile; fileRef = 6FE62ABDE04F54AE003C1D74 /* AppRouter.swift */; };
		439087A86D4FA8E054A15F1E /* ListStateView.swift in Sources */ = {isa = PBXBuildFile; fileRef = A4DAD7A417A04A9B53B2F07F /* ListStateView.swift */; };
		45CC2525E50804258FEB6206 /* SettingsView.swift in Sources */ = {isa = PBXBuildFile; fileRef = FC8C85DD59D113BDF201E19A /* SettingsView.swift */; };
		4806ED4EF03F14CEBB6030CB /* DecisionActivityManager.swift in Sources */ = {isa = PBXBuildFile; fileRef = E5A10913E4EFCA3935E2FE49 /* DecisionActivityManager.swift */; };
		4C3CC9CBEEDCED80D593D8AF /* InboxStore.swift in Sources */ = {isa = PBXBuildFile; fileRef = 4F038DB693219FA633FDAACC /* InboxStore.swift */; };
		59EC4486EB14BA43AC79AFB7 /* ProgressFeedStore.swift in Sources */ = {isa = PBXBuildFile; fileRef = ECA187AC3EECE30C5CD80F73 /* ProgressFeedStore.swift */; };
		5EDC0AEB743173107F498F2F /* InboxSettlement.swift in Sources */ = {isa = PBXBuildFile; fileRef = B3F1A90DD2D68361065EC14E /* InboxSettlement.swift */; };
		6143823255B58585B89FEB29 /* HomeSectionTests.swift in Sources */ = {isa = PBXBuildFile; fileRef = 449CD45907385C503709820C /* HomeSectionTests.swift */; };
		62015DFCC83862ABE5CF7571 /* Assets.xcassets in Resources */ = {isa = PBXBuildFile; fileRef = FDF0EAD0459DF0C9CE78CF9E /* Assets.xcassets */; };
		634D1F39A52B99D7231102F5 /* SessionsView.swift in Sources */ = {isa = PBXBuildFile; fileRef = D4472CB219A227288F168212 /* SessionsView.swift */; };
		68AD376877FF3DD3FBEB641F /* HiBossApp.swift in Sources */ = {isa = PBXBuildFile; fileRef = 35B18F7757D87683A1F768E5 /* HiBossApp.swift */; };
		6F06460E806763D0050585B6 /* AllClearIslandView.swift in Sources */ = {isa = PBXBuildFile; fileRef = 9CA912B230E7BA70642D064A /* AllClearIslandView.swift */; };
		72CD211678873F5869792D31 /* RelativeTimeTests.swift in Sources */ = {isa = PBXBuildFile; fileRef = AADE1388284DE331D043B203 /* RelativeTimeTests.swift */; };
		730FCA421FE4E885AEF3B2F6 /* RespondIntent.swift in Sources */ = {isa = PBXBuildFile; fileRef = 80F1C6E7EC52A40A19F2144E /* RespondIntent.swift */; };
		7600F8475AE8F778AA97A714 /* MessageCard.swift in Sources */ = {isa = PBXBuildFile; fileRef = BF8FDF2319CA7E57192C7679 /* MessageCard.swift */; };
		761FC4F0D1827BBB9BFCD0F7 /* HistoryRow.swift in Sources */ = {isa = PBXBuildFile; fileRef = 7E6F98DC309E23CE3C223B13 /* HistoryRow.swift */; };
		7C9EC0BB0D4A317081113175 /* PushManager.swift in Sources */ = {isa = PBXBuildFile; fileRef = E0B54DB8245ABD2D293FC27D /* PushManager.swift */; };
		8285A0578EE66FFEE5F46114 /* HibossKit in Frameworks */ = {isa = PBXBuildFile; productRef = 0812026A36C6DC3A7D604423 /* HibossKit */; };
		86203834974A33A8C0E3584B /* ConnectView.swift in Sources */ = {isa = PBXBuildFile; fileRef = 6BA3966B5965FDF38682FE72 /* ConnectView.swift */; };
		8A173100FC93F5D88A35F31F /* RoutingSection.swift in Sources */ = {isa = PBXBuildFile; fileRef = 71907C16801CD73E13B8C90D /* RoutingSection.swift */; };
		9276EB382DA08B0A2A5B5BCD /* SessionMessagesView.swift in Sources */ = {isa = PBXBuildFile; fileRef = 0A8ABB1BAA9AFF3EF53E3937 /* SessionMessagesView.swift */; };
		9975477625707226F0569D49 /* RespondIntent.swift in Sources */ = {isa = PBXBuildFile; fileRef = 80F1C6E7EC52A40A19F2144E /* RespondIntent.swift */; };
		9A601988E4CF388CDA003659 /* DecisionActivity.swift in Sources */ = {isa = PBXBuildFile; fileRef = 6984921D9196A67C9F627A26 /* DecisionActivity.swift */; };
		9DCF14F796F33A061E05054A /* AppDelegate.swift in Sources */ = {isa = PBXBuildFile; fileRef = 9740B1A7F94047F2FD7B60A2 /* AppDelegate.swift */; };
		A07FC9BF66500F4E1E595881 /* MessageMeta.swift in Sources */ = {isa = PBXBuildFile; fileRef = F84DE9E51612D207273D47FB /* MessageMeta.swift */; };
		A5EC5D86F37311FE30E74AD3 /* SessionSectionHeader.swift in Sources */ = {isa = PBXBuildFile; fileRef = 30FA2FE6E931650BD9124CB8 /* SessionSectionHeader.swift */; };
		A6D52D02F7F9A096BEC123B0 /* RootTabView.swift in Sources */ = {isa = PBXBuildFile; fileRef = 3CD3C6F4D7A53E6E2A4D8D23 /* RootTabView.swift */; };
		A8BD159F4B6E41CFBE919BEA /* HibossKit in Frameworks */ = {isa = PBXBuildFile; productRef = 6130F24DC3B95160884D0B5A /* HibossKit */; };
		B390797FAB6B075E3C8D234C /* Palette.swift in Sources */ = {isa = PBXBuildFile; fileRef = 1AB277BBD9EEE996D38F2992 /* Palette.swift */; };
		B5B66607B04766A23954B1F2 /* MessageDisplay.swift in Sources */ = {isa = PBXBuildFile; fileRef = D8777BA30B4CFEDD31CCB85E /* MessageDisplay.swift */; };
		B802594AE8424CAB6717EA17 /* ProgressMediaView.swift in Sources */ = {isa = PBXBuildFile; fileRef = BA04D7AC4A24619AC58956DA /* ProgressMediaView.swift */; };
		B82836BF6AC8B4E9325F8EA7 /* HiBossWidgets.appex in Embed Foundation Extensions */ = {isa = PBXBuildFile; fileRef = 10ABFC55E827E2018CBA37A0 /* HiBossWidgets.appex */; settings = {ATTRIBUTES = (RemoveHeadersOnCopy, ); }; };
		B97C7284B01AC80CE892A264 /* Priority.swift in Sources */ = {isa = PBXBuildFile; fileRef = 04E38393C7F0BB67A364CC15 /* Priority.swift */; };
		BB1796284ADD9D2CBDC2B49B /* QuietHoursSection.swift in Sources */ = {isa = PBXBuildFile; fileRef = 8804541078FDFD94370B1845 /* QuietHoursSection.swift */; };
		BD7DFDA29E8C456593B81718 /* ProgressTeamAvatar.swift in Sources */ = {isa = PBXBuildFile; fileRef = 7CA94EE3AD9E1CE019C26899 /* ProgressTeamAvatar.swift */; };
		BF0F1C80922111AE10208255 /* HiBossWidgetsBundle.swift in Sources */ = {isa = PBXBuildFile; fileRef = 8E7CA2BEAA6F9759DBD29574 /* HiBossWidgetsBundle.swift */; };
		C3DBB1D3ECCD0E7142271BA6 /* RelativeTime.swift in Sources */ = {isa = PBXBuildFile; fileRef = 0A59FEA0ECFFD31DD1F93981 /* RelativeTime.swift */; };
		CC72796F9BE212F1D15DC780 /* ProgressMediaLayoutTests.swift in Sources */ = {isa = PBXBuildFile; fileRef = A9195B9F8ACC692EF5D82C85 /* ProgressMediaLayoutTests.swift */; };
		CD2827C535593B6E9AFA6CFB /* ProgressFeedStoreTests.swift in Sources */ = {isa = PBXBuildFile; fileRef = 31634BC982389484F9C74A2B /* ProgressFeedStoreTests.swift */; };
		D336BC91FE1CA0B804066C74 /* ProgressZoomView.swift in Sources */ = {isa = PBXBuildFile; fileRef = CCAF1F8FA1CBE5B516D462F4 /* ProgressZoomView.swift */; };
		D65E72F56B3D3C17098619BF /* PushTieringSection.swift in Sources */ = {isa = PBXBuildFile; fileRef = 976383649266ED887CEAA454 /* PushTieringSection.swift */; };
		D707E905303289002E122935 /* DecisionLiveActivity.swift in Sources */ = {isa = PBXBuildFile; fileRef = 4EED07A3DE2846E39BFD0D4E /* DecisionLiveActivity.swift */; };
		DBCC47DE56A53759D0FA4159 /* CountdownText.swift in Sources */ = {isa = PBXBuildFile; fileRef = 3978AF84900C9EC8584C7AAA /* CountdownText.swift */; };
		DCBE6F0DDAC502A6C6A9C410 /* Localizable.xcstrings in Resources */ = {isa = PBXBuildFile; fileRef = C397AF3D692ACAAF94388C64 /* Localizable.xcstrings */; };
		DDC345411AD51AF290865A6F /* ProgressMediaTapUITests.swift in Sources */ = {isa = PBXBuildFile; fileRef = 7BA088E4BE58E8E661D87FAA /* ProgressMediaTapUITests.swift */; };
		DE402514590A2A23719EE2D3 /* InboxStoreTests.swift in Sources */ = {isa = PBXBuildFile; fileRef = 3C3F4F2F453328EDEFEA8B9F /* InboxStoreTests.swift */; };
		E08B2758EE7D46B2F408F5EF /* ProgressMediaViewer.swift in Sources */ = {isa = PBXBuildFile; fileRef = 0F0055CA35F82569DEFFEE33 /* ProgressMediaViewer.swift */; };
		E6A9A6EB7B5A63F93A38137D /* PreferencesStore.swift in Sources */ = {isa = PBXBuildFile; fileRef = 0888F1DE33B534799B2E9C52 /* PreferencesStore.swift */; };
		E840803EA89DCF2369E683E7 /* DecisionActivity.swift in Sources */ = {isa = PBXBuildFile; fileRef = 6984921D9196A67C9F627A26 /* DecisionActivity.swift */; };
		E9E5A10D3CCD98170A42802E /* AllClearIslandTests.swift in Sources */ = {isa = PBXBuildFile; fileRef = 8D3E62FC93D8B4ADDA9829BA /* AllClearIslandTests.swift */; };
		ECDDEAAF8A6C6AD7DB23E425 /* ConnectionDot.swift in Sources */ = {isa = PBXBuildFile; fileRef = 03191B27AD071D51213D17C1 /* ConnectionDot.swift */; };
		F2A955D7979A57ED705CFB78 /* MessagesView.swift in Sources */ = {isa = PBXBuildFile; fileRef = 3E7782E6F85B6837B7AA3E88 /* MessagesView.swift */; };
		F3DA72E26461EDBB50251B9A /* Typography.swift in Sources */ = {isa = PBXBuildFile; fileRef = 2C50796B18EE77AC58212D46 /* Typography.swift */; };
		F9206BC91FCBEF650BFD18E5 /* SessionCard.swift in Sources */ = {isa = PBXBuildFile; fileRef = 92707467B3C96A837DD1FC5E /* SessionCard.swift */; };
/* End PBXBuildFile section */

/* Begin PBXContainerItemProxy section */
		A2FE8598396F7D40668211ED /* PBXContainerItemProxy */ = {
			isa = PBXContainerItemProxy;
			containerPortal = 406E7AE4875C0584318C5D68 /* Project object */;
			proxyType = 1;
			remoteGlobalIDString = CEF1407928B021227FDFACC5;
			remoteInfo = HiBoss;
		};
		E2E2836F7D119404AD2CCC16 /* PBXContainerItemProxy */ = {
			isa = PBXContainerItemProxy;
			containerPortal = 406E7AE4875C0584318C5D68 /* Project object */;
			proxyType = 1;
			remoteGlobalIDString = CEF1407928B021227FDFACC5;
			remoteInfo = HiBoss;
		};
		EAE2BBC2D617708415CE448B /* PBXContainerItemProxy */ = {
			isa = PBXContainerItemProxy;
			containerPortal = 406E7AE4875C0584318C5D68 /* Project object */;
			proxyType = 1;
			remoteGlobalIDString = FA6A7E5C1D5DF1FA06939EE7;
			remoteInfo = HiBossWidgets;
		};
/* End PBXContainerItemProxy section */

/* Begin PBXCopyFilesBuildPhase section */
		125090E604DB336BA1F1B75F /* Embed Foundation Extensions */ = {
			isa = PBXCopyFilesBuildPhase;
			buildActionMask = 2147483647;
			dstPath = "";
			dstSubfolderSpec = 13;
			files = (
				B82836BF6AC8B4E9325F8EA7 /* HiBossWidgets.appex in Embed Foundation Extensions */,
			);
			name = "Embed Foundation Extensions";
			runOnlyForDeploymentPostprocessing = 0;
		};
/* End PBXCopyFilesBuildPhase section */

/* Begin PBXFileReference section */
		03191B27AD071D51213D17C1 /* ConnectionDot.swift */ = {isa = PBXFileReference; lastKnownFileType = sourcecode.swift; path = ConnectionDot.swift; sourceTree = "<group>"; };
		04E38393C7F0BB67A364CC15 /* Priority.swift */ = {isa = PBXFileReference; lastKnownFileType = sourcecode.swift; path = Priority.swift; sourceTree = "<group>"; };
		0888F1DE33B534799B2E9C52 /* PreferencesStore.swift */ = {isa = PBXFileReference; lastKnownFileType = sourcecode.swift; path = PreferencesStore.swift; sourceTree = "<group>"; };
		0A59FEA0ECFFD31DD1F93981 /* RelativeTime.swift */ = {isa = PBXFileReference; lastKnownFileType = sourcecode.swift; path = RelativeTime.swift; sourceTree = "<group>"; };
		0A8ABB1BAA9AFF3EF53E3937 /* SessionMessagesView.swift */ = {isa = PBXFileReference; lastKnownFileType = sourcecode.swift; path = SessionMessagesView.swift; sourceTree = "<group>"; };
		0F0055CA35F82569DEFFEE33 /* ProgressMediaViewer.swift */ = {isa = PBXFileReference; lastKnownFileType = sourcecode.swift; path = ProgressMediaViewer.swift; sourceTree = "<group>"; };
		10ABFC55E827E2018CBA37A0 /* HiBossWidgets.appex */ = {isa = PBXFileReference; includeInIndex = 0; lastKnownFileType = "wrapper.app-extension"; path = HiBossWidgets.appex; sourceTree = BUILT_PRODUCTS_DIR; };
		162633564E41F92AADE21046 /* HiBossTests.xctest */ = {isa = PBXFileReference; includeInIndex = 0; lastKnownFileType = wrapper.cfbundle; path = HiBossTests.xctest; sourceTree = BUILT_PRODUCTS_DIR; };
		1AB277BBD9EEE996D38F2992 /* Palette.swift */ = {isa = PBXFileReference; lastKnownFileType = sourcecode.swift; path = Palette.swift; sourceTree = "<group>"; };
		26AFB9BD03FD1060191A602B /* HiBossUITests.xctest */ = {isa = PBXFileReference; includeInIndex = 0; lastKnownFileType = wrapper.cfbundle; path = HiBossUITests.xctest; sourceTree = BUILT_PRODUCTS_DIR; };
		28EB27DAC59C7B7C49A5546D /* MessageDetailView.swift */ = {isa = PBXFileReference; lastKnownFileType = sourcecode.swift; path = MessageDetailView.swift; sourceTree = "<group>"; };
		2C50796B18EE77AC58212D46 /* Typography.swift */ = {isa = PBXFileReference; lastKnownFileType = sourcecode.swift; path = Typography.swift; sourceTree = "<group>"; };
		30FA2FE6E931650BD9124CB8 /* SessionSectionHeader.swift */ = {isa = PBXFileReference; lastKnownFileType = sourcecode.swift; path = SessionSectionHeader.swift; sourceTree = "<group>"; };
		31634BC982389484F9C74A2B /* ProgressFeedStoreTests.swift */ = {isa = PBXFileReference; lastKnownFileType = sourcecode.swift; path = ProgressFeedStoreTests.swift; sourceTree = "<group>"; };
		35B18F7757D87683A1F768E5 /* HiBossApp.swift */ = {isa = PBXFileReference; lastKnownFileType = sourcecode.swift; path = HiBossApp.swift; sourceTree = "<group>"; };
		3978AF84900C9EC8584C7AAA /* CountdownText.swift */ = {isa = PBXFileReference; lastKnownFileType = sourcecode.swift; path = CountdownText.swift; sourceTree = "<group>"; };
		3C3F4F2F453328EDEFEA8B9F /* InboxStoreTests.swift */ = {isa = PBXFileReference; lastKnownFileType = sourcecode.swift; path = InboxStoreTests.swift; sourceTree = "<group>"; };
		3CD3C6F4D7A53E6E2A4D8D23 /* RootTabView.swift */ = {isa = PBXFileReference; lastKnownFileType = sourcecode.swift; path = RootTabView.swift; sourceTree = "<group>"; };
		3E7782E6F85B6837B7AA3E88 /* MessagesView.swift */ = {isa = PBXFileReference; lastKnownFileType = sourcecode.swift; path = MessagesView.swift; sourceTree = "<group>"; };
		449CD45907385C503709820C /* HomeSectionTests.swift */ = {isa = PBXFileReference; lastKnownFileType = sourcecode.swift; path = HomeSectionTests.swift; sourceTree = "<group>"; };
		4EED07A3DE2846E39BFD0D4E /* DecisionLiveActivity.swift */ = {isa = PBXFileReference; lastKnownFileType = sourcecode.swift; path = DecisionLiveActivity.swift; sourceTree = "<group>"; };
		4F038DB693219FA633FDAACC /* InboxStore.swift */ = {isa = PBXFileReference; lastKnownFileType = sourcecode.swift; path = InboxStore.swift; sourceTree = "<group>"; };
		6984921D9196A67C9F627A26 /* DecisionActivity.swift */ = {isa = PBXFileReference; lastKnownFileType = sourcecode.swift; path = DecisionActivity.swift; sourceTree = "<group>"; };
		698713D5102923E7503E7814 /* DemoData.swift */ = {isa = PBXFileReference; lastKnownFileType = sourcecode.swift; path = DemoData.swift; sourceTree = "<group>"; };
		6BA3966B5965FDF38682FE72 /* ConnectView.swift */ = {isa = PBXFileReference; lastKnownFileType = sourcecode.swift; path = ConnectView.swift; sourceTree = "<group>"; };
		6FE62ABDE04F54AE003C1D74 /* AppRouter.swift */ = {isa = PBXFileReference; lastKnownFileType = sourcecode.swift; path = AppRouter.swift; sourceTree = "<group>"; };
		7141C8FE7EA391AD4C3B160C /* HibossKit */ = {isa = PBXFileReference; lastKnownFileType = folder; name = HibossKit; path = ../HibossKit; sourceTree = SOURCE_ROOT; };
		714548036141EBBCA3849272 /* HiBoss.entitlements */ = {isa = PBXFileReference; lastKnownFileType = text.plist.entitlements; path = HiBoss.entitlements; sourceTree = "<group>"; };
		71907C16801CD73E13B8C90D /* RoutingSection.swift */ = {isa = PBXFileReference; lastKnownFileType = sourcecode.swift; path = RoutingSection.swift; sourceTree = "<group>"; };
		7885D31E535B87C2C2331FF0 /* MessageMetaTests.swift */ = {isa = PBXFileReference; lastKnownFileType = sourcecode.swift; path = MessageMetaTests.swift; sourceTree = "<group>"; };
		7BA088E4BE58E8E661D87FAA /* ProgressMediaTapUITests.swift */ = {isa = PBXFileReference; lastKnownFileType = sourcecode.swift; path = ProgressMediaTapUITests.swift; sourceTree = "<group>"; };
		7BD94B07A02B8B7941191B7A /* HomeView.swift */ = {isa = PBXFileReference; lastKnownFileType = sourcecode.swift; path = HomeView.swift; sourceTree = "<group>"; };
		7CA31A0E63F84D54574E1FAB /* Info.plist */ = {isa = PBXFileReference; lastKnownFileType = text.plist; path = Info.plist; sourceTree = "<group>"; };
		7CA94EE3AD9E1CE019C26899 /* ProgressTeamAvatar.swift */ = {isa = PBXFileReference; lastKnownFileType = sourcecode.swift; path = ProgressTeamAvatar.swift; sourceTree = "<group>"; };
		7E6F98DC309E23CE3C223B13 /* HistoryRow.swift */ = {isa = PBXFileReference; lastKnownFileType = sourcecode.swift; path = HistoryRow.swift; sourceTree = "<group>"; };
		80F1C6E7EC52A40A19F2144E /* RespondIntent.swift */ = {isa = PBXFileReference; lastKnownFileType = sourcecode.swift; path = RespondIntent.swift; sourceTree = "<group>"; };
		86EA31B759446323F119D8E0 /* PushStatusStore.swift */ = {isa = PBXFileReference; lastKnownFileType = sourcecode.swift; path = PushStatusStore.swift; sourceTree = "<group>"; };
		8732DC9D272987A1B036C854 /* ConnectionStore.swift */ = {isa = PBXFileReference; lastKnownFileType = sourcecode.swift; path = ConnectionStore.swift; sourceTree = "<group>"; };
		8804541078FDFD94370B1845 /* QuietHoursSection.swift */ = {isa = PBXFileReference; lastKnownFileType = sourcecode.swift; path = QuietHoursSection.swift; sourceTree = "<group>"; };
		8CFB25F024143937E73B4640 /* HiBoss.app */ = {isa = PBXFileReference; includeInIndex = 0; lastKnownFileType = wrapper.application; path = HiBoss.app; sourceTree = BUILT_PRODUCTS_DIR; };
		8D3E62FC93D8B4ADDA9829BA /* AllClearIslandTests.swift */ = {isa = PBXFileReference; lastKnownFileType = sourcecode.swift; path = AllClearIslandTests.swift; sourceTree = "<group>"; };
		8E7CA2BEAA6F9759DBD29574 /* HiBossWidgetsBundle.swift */ = {isa = PBXFileReference; lastKnownFileType = sourcecode.swift; path = HiBossWidgetsBundle.swift; sourceTree = "<group>"; };
		92707467B3C96A837DD1FC5E /* SessionCard.swift */ = {isa = PBXFileReference; lastKnownFileType = sourcecode.swift; path = SessionCard.swift; sourceTree = "<group>"; };
		9740B1A7F94047F2FD7B60A2 /* AppDelegate.swift */ = {isa = PBXFileReference; lastKnownFileType = sourcecode.swift; path = AppDelegate.swift; sourceTree = "<group>"; };
		976383649266ED887CEAA454 /* PushTieringSection.swift */ = {isa = PBXFileReference; lastKnownFileType = sourcecode.swift; path = PushTieringSection.swift; sourceTree = "<group>"; };
		9CA912B230E7BA70642D064A /* AllClearIslandView.swift */ = {isa = PBXFileReference; lastKnownFileType = sourcecode.swift; path = AllClearIslandView.swift; sourceTree = "<group>"; };
		A4DAD7A417A04A9B53B2F07F /* ListStateView.swift */ = {isa = PBXFileReference; lastKnownFileType = sourcecode.swift; path = ListStateView.swift; sourceTree = "<group>"; };
		A9195B9F8ACC692EF5D82C85 /* ProgressMediaLayoutTests.swift */ = {isa = PBXFileReference; lastKnownFileType = sourcecode.swift; path = ProgressMediaLayoutTests.swift; sourceTree = "<group>"; };
		AADE1388284DE331D043B203 /* RelativeTimeTests.swift */ = {isa = PBXFileReference; lastKnownFileType = sourcecode.swift; path = RelativeTimeTests.swift; sourceTree = "<group>"; };
		AC5C1C4D0AD1D5C7D3E664A8 /* ReplySheet.swift */ = {isa = PBXFileReference; lastKnownFileType = sourcecode.swift; path = ReplySheet.swift; sourceTree = "<group>"; };
		B3F1A90DD2D68361065EC14E /* InboxSettlement.swift */ = {isa = PBXFileReference; lastKnownFileType = sourcecode.swift; path = InboxSettlement.swift; sourceTree = "<group>"; };
		B448CB7C1CB5C5B31FEBB796 /* Localizable.xcstrings */ = {isa = PBXFileReference; lastKnownFileType = text.json.xcstrings; path = Localizable.xcstrings; sourceTree = "<group>"; };
		BA04D7AC4A24619AC58956DA /* ProgressMediaView.swift */ = {isa = PBXFileReference; lastKnownFileType = sourcecode.swift; path = ProgressMediaView.swift; sourceTree = "<group>"; };
		BF8FDF2319CA7E57192C7679 /* MessageCard.swift */ = {isa = PBXFileReference; lastKnownFileType = sourcecode.swift; path = MessageCard.swift; sourceTree = "<group>"; };
		C168405A30C4BEEF41971C62 /* InboxView.swift */ = {isa = PBXFileReference; lastKnownFileType = sourcecode.swift; path = InboxView.swift; sourceTree = "<group>"; };
		C397AF3D692ACAAF94388C64 /* Localizable.xcstrings */ = {isa = PBXFileReference; lastKnownFileType = text.json.xcstrings; path = Localizable.xcstrings; sourceTree = "<group>"; };
		CCAF1F8FA1CBE5B516D462F4 /* ProgressZoomView.swift */ = {isa = PBXFileReference; lastKnownFileType = sourcecode.swift; path = ProgressZoomView.swift; sourceTree = "<group>"; };
		CCDC745C836E39A5B0650834 /* ProgressFeedView.swift */ = {isa = PBXFileReference; lastKnownFileType = sourcecode.swift; path = ProgressFeedView.swift; sourceTree = "<group>"; };
		CE512B87AB4778E24208134F /* Info.plist */ = {isa = PBXFileReference; lastKnownFileType = text.plist; path = Info.plist; sourceTree = "<group>"; };
		CFD23CFEB57E9C49C9FBB463 /* MessageAttributeStyle.swift */ = {isa = PBXFileReference; lastKnownFileType = sourcecode.swift; path = MessageAttributeStyle.swift; sourceTree = "<group>"; };
		D14706EB7C3D0C23F4FE4937 /* ProgressMediaLayout.swift */ = {isa = PBXFileReference; lastKnownFileType = sourcecode.swift; path = ProgressMediaLayout.swift; sourceTree = "<group>"; };
		D4472CB219A227288F168212 /* SessionsView.swift */ = {isa = PBXFileReference; lastKnownFileType = sourcecode.swift; path = SessionsView.swift; sourceTree = "<group>"; };
		D8777BA30B4CFEDD31CCB85E /* MessageDisplay.swift */ = {isa = PBXFileReference; lastKnownFileType = sourcecode.swift; path = MessageDisplay.swift; sourceTree = "<group>"; };
		DE8F848785E4625A02FD27C0 /* DemoProgressData.swift */ = {isa = PBXFileReference; lastKnownFileType = sourcecode.swift; path = DemoProgressData.swift; sourceTree = "<group>"; };
		E0B54DB8245ABD2D293FC27D /* PushManager.swift */ = {isa = PBXFileReference; lastKnownFileType = sourcecode.swift; path = PushManager.swift; sourceTree = "<group>"; };
		E5A10913E4EFCA3935E2FE49 /* DecisionActivityManager.swift */ = {isa = PBXFileReference; lastKnownFileType = sourcecode.swift; path = DecisionActivityManager.swift; sourceTree = "<group>"; };
		ECA187AC3EECE30C5CD80F73 /* ProgressFeedStore.swift */ = {isa = PBXFileReference; lastKnownFileType = sourcecode.swift; path = ProgressFeedStore.swift; sourceTree = "<group>"; };
		EED8126397A2C498DB5507C4 /* ProgressPostCard.swift */ = {isa = PBXFileReference; lastKnownFileType = sourcecode.swift; path = ProgressPostCard.swift; sourceTree = "<group>"; };
		F84DE9E51612D207273D47FB /* MessageMeta.swift */ = {isa = PBXFileReference; lastKnownFileType = sourcecode.swift; path = MessageMeta.swift; sourceTree = "<group>"; };
		FC8C85DD59D113BDF201E19A /* SettingsView.swift */ = {isa = PBXFileReference; lastKnownFileType = sourcecode.swift; path = SettingsView.swift; sourceTree = "<group>"; };
		FCDF1755B148C5042639522C /* ProgressVideoPlayer.swift */ = {isa = PBXFileReference; lastKnownFileType = sourcecode.swift; path = ProgressVideoPlayer.swift; sourceTree = "<group>"; };
		FDF0EAD0459DF0C9CE78CF9E /* Assets.xcassets */ = {isa = PBXFileReference; lastKnownFileType = folder.assetcatalog; path = Assets.xcassets; sourceTree = "<group>"; };
/* End PBXFileReference section */

/* Begin PBXFrameworksBuildPhase section */
		6AB6EB2E89AB5840F5D528CE /* Frameworks */ = {
			isa = PBXFrameworksBuildPhase;
			buildActionMask = 2147483647;
			files = (
				A8BD159F4B6E41CFBE919BEA /* HibossKit in Frameworks */,
			);
			runOnlyForDeploymentPostprocessing = 0;
		};
		D4BB730000634C3BD181B56B /* Frameworks */ = {
			isa = PBXFrameworksBuildPhase;
			buildActionMask = 2147483647;
			files = (
				8285A0578EE66FFEE5F46114 /* HibossKit in Frameworks */,
			);
			runOnlyForDeploymentPostprocessing = 0;
		};
/* End PBXFrameworksBuildPhase section */

/* Begin PBXGroup section */
		139253F1204A42B03D79E4EA /* Progress */ = {
			isa = PBXGroup;
			children = (
				ECA187AC3EECE30C5CD80F73 /* ProgressFeedStore.swift */,
				CCDC745C836E39A5B0650834 /* ProgressFeedView.swift */,
				D14706EB7C3D0C23F4FE4937 /* ProgressMediaLayout.swift */,
				BA04D7AC4A24619AC58956DA /* ProgressMediaView.swift */,
				0F0055CA35F82569DEFFEE33 /* ProgressMediaViewer.swift */,
				EED8126397A2C498DB5507C4 /* ProgressPostCard.swift */,
				7CA94EE3AD9E1CE019C26899 /* ProgressTeamAvatar.swift */,
				FCDF1755B148C5042639522C /* ProgressVideoPlayer.swift */,
				CCAF1F8FA1CBE5B516D462F4 /* ProgressZoomView.swift */,
			);
			path = Progress;
			sourceTree = "<group>";
		};
		271CCF4B4ED3115ADE46D0A2 /* Push */ = {
			isa = PBXGroup;
			children = (
				9740B1A7F94047F2FD7B60A2 /* AppDelegate.swift */,
				E0B54DB8245ABD2D293FC27D /* PushManager.swift */,
			);
			path = Push;
			sourceTree = "<group>";
		};
		37D6B819C97B91C25A737074 /* Preview */ = {
			isa = PBXGroup;
			children = (
				698713D5102923E7503E7814 /* DemoData.swift */,
				DE8F848785E4625A02FD27C0 /* DemoProgressData.swift */,
			);
			path = Preview;
			sourceTree = "<group>";
		};
		39BD8E216F9DDEC28570BD8D /* Connection */ = {
			isa = PBXGroup;
			children = (
				03191B27AD071D51213D17C1 /* ConnectionDot.swift */,
				8732DC9D272987A1B036C854 /* ConnectionStore.swift */,
			);
			path = Connection;
			sourceTree = "<group>";
		};
		5D60A2C6CE16EE123EDF1F3C /* Theme */ = {
			isa = PBXGroup;
			children = (
				1AB277BBD9EEE996D38F2992 /* Palette.swift */,
				2C50796B18EE77AC58212D46 /* Typography.swift */,
			);
			path = Theme;
			sourceTree = "<group>";
		};
		6D8BAEC89A27FA527B4D6C36 /* Packages */ = {
			isa = PBXGroup;
			children = (
				7141C8FE7EA391AD4C3B160C /* HibossKit */,
			);
			name = Packages;
			sourceTree = "<group>";
		};
		75E8EF9FA44EFDD9F86CD9FF /* Shared */ = {
			isa = PBXGroup;
			children = (
				6984921D9196A67C9F627A26 /* DecisionActivity.swift */,
				80F1C6E7EC52A40A19F2144E /* RespondIntent.swift */,
			);
			path = Shared;
			sourceTree = "<group>";
		};
		7765F38B2EDBDC216DE54643 /* Sessions */ = {
			isa = PBXGroup;
			children = (
				92707467B3C96A837DD1FC5E /* SessionCard.swift */,
				D4472CB219A227288F168212 /* SessionsView.swift */,
			);
			path = Sessions;
			sourceTree = "<group>";
		};
		7CFBA1E853019DE9B2F68808 /* UITests */ = {
			isa = PBXGroup;
			children = (
				7BA088E4BE58E8E661D87FAA /* ProgressMediaTapUITests.swift */,
			);
			path = UITests;
			sourceTree = "<group>";
		};
		85CC4B4C7B9CC76E3B758F10 /* Products */ = {
			isa = PBXGroup;
			children = (
				8CFB25F024143937E73B4640 /* HiBoss.app */,
				162633564E41F92AADE21046 /* HiBossTests.xctest */,
				26AFB9BD03FD1060191A602B /* HiBossUITests.xctest */,
				10ABFC55E827E2018CBA37A0 /* HiBossWidgets.appex */,
			);
			name = Products;
			sourceTree = "<group>";
		};
		877BAE3BD4C4E061252831E1 /* LiveActivity */ = {
			isa = PBXGroup;
			children = (
				E5A10913E4EFCA3935E2FE49 /* DecisionActivityManager.swift */,
			);
			path = LiveActivity;
			sourceTree = "<group>";
		};
		98D47BDA8CAB95724B6F411C /* App */ = {
			isa = PBXGroup;
			children = (
				39BD8E216F9DDEC28570BD8D /* Connection */,
				E8A479B7491E9CFD214AD32B /* Inbox */,
				877BAE3BD4C4E061252831E1 /* LiveActivity */,
				D5CF5C7983FCE2040268149E /* Messages */,
				E8DACD9D6268737952779CF5 /* Model */,
				E8688147A14C727D9C8FD36B /* Onboarding */,
				37D6B819C97B91C25A737074 /* Preview */,
				139253F1204A42B03D79E4EA /* Progress */,
				271CCF4B4ED3115ADE46D0A2 /* Push */,
				7765F38B2EDBDC216DE54643 /* Sessions */,
				FB03F7CEAD066A6CD1FCFBC8 /* Settings */,
				F14C6E022235C0E8BDBA4B61 /* Shell */,
				5D60A2C6CE16EE123EDF1F3C /* Theme */,
				FDF0EAD0459DF0C9CE78CF9E /* Assets.xcassets */,
				714548036141EBBCA3849272 /* HiBoss.entitlements */,
				35B18F7757D87683A1F768E5 /* HiBossApp.swift */,
				CE512B87AB4778E24208134F /* Info.plist */,
				B448CB7C1CB5C5B31FEBB796 /* Localizable.xcstrings */,
			);
			path = App;
			sourceTree = "<group>";
		};
		A5DE21E4345468BB7FED7EF3 /* Widgets */ = {
			isa = PBXGroup;
			children = (
				4EED07A3DE2846E39BFD0D4E /* DecisionLiveActivity.swift */,
				8E7CA2BEAA6F9759DBD29574 /* HiBossWidgetsBundle.swift */,
				7CA31A0E63F84D54574E1FAB /* Info.plist */,
				C397AF3D692ACAAF94388C64 /* Localizable.xcstrings */,
			);
			path = Widgets;
			sourceTree = "<group>";
		};
		BF821F47919F06102D7E8F3C = {
			isa = PBXGroup;
			children = (
				98D47BDA8CAB95724B6F411C /* App */,
				6D8BAEC89A27FA527B4D6C36 /* Packages */,
				75E8EF9FA44EFDD9F86CD9FF /* Shared */,
				EEE890EA1FB67961740263AF /* Tests */,
				7CFBA1E853019DE9B2F68808 /* UITests */,
				A5DE21E4345468BB7FED7EF3 /* Widgets */,
				85CC4B4C7B9CC76E3B758F10 /* Products */,
			);
			sourceTree = "<group>";
		};
		D5CF5C7983FCE2040268149E /* Messages */ = {
			isa = PBXGroup;
			children = (
				3E7782E6F85B6837B7AA3E88 /* MessagesView.swift */,
			);
			path = Messages;
			sourceTree = "<group>";
		};
		E8688147A14C727D9C8FD36B /* Onboarding */ = {
			isa = PBXGroup;
			children = (
				6BA3966B5965FDF38682FE72 /* ConnectView.swift */,
			);
			path = Onboarding;
			sourceTree = "<group>";
		};
		E8A479B7491E9CFD214AD32B /* Inbox */ = {
			isa = PBXGroup;
			children = (
				9CA912B230E7BA70642D064A /* AllClearIslandView.swift */,
				3978AF84900C9EC8584C7AAA /* CountdownText.swift */,
				7E6F98DC309E23CE3C223B13 /* HistoryRow.swift */,
				B3F1A90DD2D68361065EC14E /* InboxSettlement.swift */,
				4F038DB693219FA633FDAACC /* InboxStore.swift */,
				C168405A30C4BEEF41971C62 /* InboxView.swift */,
				A4DAD7A417A04A9B53B2F07F /* ListStateView.swift */,
				CFD23CFEB57E9C49C9FBB463 /* MessageAttributeStyle.swift */,
				BF8FDF2319CA7E57192C7679 /* MessageCard.swift */,
				28EB27DAC59C7B7C49A5546D /* MessageDetailView.swift */,
				F84DE9E51612D207273D47FB /* MessageMeta.swift */,
				AC5C1C4D0AD1D5C7D3E664A8 /* ReplySheet.swift */,
				0A8ABB1BAA9AFF3EF53E3937 /* SessionMessagesView.swift */,
				30FA2FE6E931650BD9124CB8 /* SessionSectionHeader.swift */,
			);
			path = Inbox;
			sourceTree = "<group>";
		};
		E8DACD9D6268737952779CF5 /* Model */ = {
			isa = PBXGroup;
			children = (
				D8777BA30B4CFEDD31CCB85E /* MessageDisplay.swift */,
				04E38393C7F0BB67A364CC15 /* Priority.swift */,
				0A59FEA0ECFFD31DD1F93981 /* RelativeTime.swift */,
			);
			path = Model;
			sourceTree = "<group>";
		};
		EEE890EA1FB67961740263AF /* Tests */ = {
			isa = PBXGroup;
			children = (
				8D3E62FC93D8B4ADDA9829BA /* AllClearIslandTests.swift */,
				449CD45907385C503709820C /* HomeSectionTests.swift */,
				3C3F4F2F453328EDEFEA8B9F /* InboxStoreTests.swift */,
				7885D31E535B87C2C2331FF0 /* MessageMetaTests.swift */,
				31634BC982389484F9C74A2B /* ProgressFeedStoreTests.swift */,
				A9195B9F8ACC692EF5D82C85 /* ProgressMediaLayoutTests.swift */,
				AADE1388284DE331D043B203 /* RelativeTimeTests.swift */,
			);
			path = Tests;
			sourceTree = "<group>";
		};
		F14C6E022235C0E8BDBA4B61 /* Shell */ = {
			isa = PBXGroup;
			children = (
				6FE62ABDE04F54AE003C1D74 /* AppRouter.swift */,
				7BD94B07A02B8B7941191B7A /* HomeView.swift */,
				3CD3C6F4D7A53E6E2A4D8D23 /* RootTabView.swift */,
			);
			path = Shell;
			sourceTree = "<group>";
		};
		FB03F7CEAD066A6CD1FCFBC8 /* Settings */ = {
			isa = PBXGroup;
			children = (
				0888F1DE33B534799B2E9C52 /* PreferencesStore.swift */,
				86EA31B759446323F119D8E0 /* PushStatusStore.swift */,
				976383649266ED887CEAA454 /* PushTieringSection.swift */,
				8804541078FDFD94370B1845 /* QuietHoursSection.swift */,
				71907C16801CD73E13B8C90D /* RoutingSection.swift */,
				FC8C85DD59D113BDF201E19A /* SettingsView.swift */,
			);
			path = Settings;
			sourceTree = "<group>";
		};
/* End PBXGroup section */

/* Begin PBXNativeTarget section */
		3F32F007EAB0067782F9138A /* HiBossUITests */ = {
			isa = PBXNativeTarget;
			buildConfigurationList = 4559ADA3F4A2DA4D43D6081F /* Build configuration list for PBXNativeTarget "HiBossUITests" */;
			buildPhases = (
				C884FCB5C58908C98A27C958 /* Sources */,
			);
			buildRules = (
			);
			dependencies = (
				E7C8EE9A9C91670D63F482CA /* PBXTargetDependency */,
			);
			name = HiBossUITests;
			packageProductDependencies = (
			);
			productName = HiBossUITests;
			productReference = 26AFB9BD03FD1060191A602B /* HiBossUITests.xctest */;
			productType = "com.apple.product-type.bundle.ui-testing";
		};
		7683B54DC7015DF8043B74AE /* HiBossTests */ = {
			isa = PBXNativeTarget;
			buildConfigurationList = 603D3A76439DCBFCA96DC277 /* Build configuration list for PBXNativeTarget "HiBossTests" */;
			buildPhases = (
				53043DED41AC44683190964E /* Sources */,
			);
			buildRules = (
			);
			dependencies = (
				93B0075D70BC47BC497D19AF /* PBXTargetDependency */,
			);
			name = HiBossTests;
			packageProductDependencies = (
			);
			productName = HiBossTests;
			productReference = 162633564E41F92AADE21046 /* HiBossTests.xctest */;
			productType = "com.apple.product-type.bundle.unit-test";
		};
		CEF1407928B021227FDFACC5 /* HiBoss */ = {
			isa = PBXNativeTarget;
			buildConfigurationList = 8C92A964448B8E569BEE6992 /* Build configuration list for PBXNativeTarget "HiBoss" */;
			buildPhases = (
				E53073958738815F1E427074 /* Sources */,
				4D15819F497CE952623A2C6E /* Resources */,
				D4BB730000634C3BD181B56B /* Frameworks */,
				125090E604DB336BA1F1B75F /* Embed Foundation Extensions */,
			);
			buildRules = (
			);
			dependencies = (
				F62F3A0B553FC6F6D8317E83 /* PBXTargetDependency */,
			);
			name = HiBoss;
			packageProductDependencies = (
				0812026A36C6DC3A7D604423 /* HibossKit */,
			);
			productName = HiBoss;
			productReference = 8CFB25F024143937E73B4640 /* HiBoss.app */;
			productType = "com.apple.product-type.application";
		};
		FA6A7E5C1D5DF1FA06939EE7 /* HiBossWidgets */ = {
			isa = PBXNativeTarget;
			buildConfigurationList = 4FC174B983D15C03A7C34BB1 /* Build configuration list for PBXNativeTarget "HiBossWidgets" */;
			buildPhases = (
				667EEB8F2D1DAEB61664192B /* Sources */,
				C07C7E26422A4EBE2DA8E649 /* Resources */,
				6AB6EB2E89AB5840F5D528CE /* Frameworks */,
			);
			buildRules = (
			);
			dependencies = (
			);
			name = HiBossWidgets;
			packageProductDependencies = (
				6130F24DC3B95160884D0B5A /* HibossKit */,
			);
			productName = HiBossWidgets;
			productReference = 10ABFC55E827E2018CBA37A0 /* HiBossWidgets.appex */;
			productType = "com.apple.product-type.app-extension";
		};
/* End PBXNativeTarget section */

/* Begin PBXProject section */
		406E7AE4875C0584318C5D68 /* Project object */ = {
			isa = PBXProject;
			attributes = {
				BuildIndependentTargetsInParallel = YES;
				LastUpgradeCheck = 1430;
				TargetAttributes = {
					3F32F007EAB0067782F9138A = {
						TestTargetID = CEF1407928B021227FDFACC5;
					};
					CEF1407928B021227FDFACC5 = {
						ProvisioningStyle = Automatic;
					};
					FA6A7E5C1D5DF1FA06939EE7 = {
						ProvisioningStyle = Automatic;
					};
				};
			};
			buildConfigurationList = A1ECD2581EDAA34645024A29 /* Build configuration list for PBXProject "HiBoss" */;
			developmentRegion = en;
			hasScannedForEncodings = 0;
			knownRegions = (
				Base,
				en,
				ja,
				ko,
				"zh-Hans",
			);
			mainGroup = BF821F47919F06102D7E8F3C;
			minimizedProjectReferenceProxies = 1;
			packageReferences = (
				80E1C2DD347B725FF00D27CE /* XCLocalSwiftPackageReference "../HibossKit" */,
			);
			preferredProjectObjectVersion = 77;
			productRefGroup = 85CC4B4C7B9CC76E3B758F10 /* Products */;
			projectDirPath = "";
			projectRoot = "";
			targets = (
				CEF1407928B021227FDFACC5 /* HiBoss */,
				7683B54DC7015DF8043B74AE /* HiBossTests */,
				3F32F007EAB0067782F9138A /* HiBossUITests */,
				FA6A7E5C1D5DF1FA06939EE7 /* HiBossWidgets */,
			);
		};
/* End PBXProject section */

/* Begin PBXResourcesBuildPhase section */
		4D15819F497CE952623A2C6E /* Resources */ = {
			isa = PBXResourcesBuildPhase;
			buildActionMask = 2147483647;
			files = (
				62015DFCC83862ABE5CF7571 /* Assets.xcassets in Resources */,
				2F8E9AAFBC7E168D48F0B03E /* Localizable.xcstrings in Resources */,
			);
			runOnlyForDeploymentPostprocessing = 0;
		};
		C07C7E26422A4EBE2DA8E649 /* Resources */ = {
			isa = PBXResourcesBuildPhase;
			buildActionMask = 2147483647;
			files = (
				DCBE6F0DDAC502A6C6A9C410 /* Localizable.xcstrings in Resources */,
			);
			runOnlyForDeploymentPostprocessing = 0;
		};
/* End PBXResourcesBuildPhase section */

/* Begin PBXSourcesBuildPhase section */
		53043DED41AC44683190964E /* Sources */ = {
			isa = PBXSourcesBuildPhase;
			buildActionMask = 2147483647;
			files = (
				E9E5A10D3CCD98170A42802E /* AllClearIslandTests.swift in Sources */,
				6143823255B58585B89FEB29 /* HomeSectionTests.swift in Sources */,
				DE402514590A2A23719EE2D3 /* InboxStoreTests.swift in Sources */,
				1A90CA63E5F60222225B57A9 /* MessageMetaTests.swift in Sources */,
				CD2827C535593B6E9AFA6CFB /* ProgressFeedStoreTests.swift in Sources */,
				CC72796F9BE212F1D15DC780 /* ProgressMediaLayoutTests.swift in Sources */,
				72CD211678873F5869792D31 /* RelativeTimeTests.swift in Sources */,
			);
			runOnlyForDeploymentPostprocessing = 0;
		};
		667EEB8F2D1DAEB61664192B /* Sources */ = {
			isa = PBXSourcesBuildPhase;
			buildActionMask = 2147483647;
			files = (
				E840803EA89DCF2369E683E7 /* DecisionActivity.swift in Sources */,
				D707E905303289002E122935 /* DecisionLiveActivity.swift in Sources */,
				BF0F1C80922111AE10208255 /* HiBossWidgetsBundle.swift in Sources */,
				9975477625707226F0569D49 /* RespondIntent.swift in Sources */,
			);
			runOnlyForDeploymentPostprocessing = 0;
		};
		C884FCB5C58908C98A27C958 /* Sources */ = {
			isa = PBXSourcesBuildPhase;
			buildActionMask = 2147483647;
			files = (
				DDC345411AD51AF290865A6F /* ProgressMediaTapUITests.swift in Sources */,
			);
			runOnlyForDeploymentPostprocessing = 0;
		};
		E53073958738815F1E427074 /* Sources */ = {
			isa = PBXSourcesBuildPhase;
			buildActionMask = 2147483647;
			files = (
				6F06460E806763D0050585B6 /* AllClearIslandView.swift in Sources */,
				9DCF14F796F33A061E05054A /* AppDelegate.swift in Sources */,
				38B4E5E3C3C61AA905A57CEA /* AppRouter.swift in Sources */,
				86203834974A33A8C0E3584B /* ConnectView.swift in Sources */,
				ECDDEAAF8A6C6AD7DB23E425 /* ConnectionDot.swift in Sources */,
				1AF4333A617AE66DA09E64C5 /* ConnectionStore.swift in Sources */,
				DBCC47DE56A53759D0FA4159 /* CountdownText.swift in Sources */,
				9A601988E4CF388CDA003659 /* DecisionActivity.swift in Sources */,
				4806ED4EF03F14CEBB6030CB /* DecisionActivityManager.swift in Sources */,
				0C573BBFCD693ABC150B7873 /* DemoData.swift in Sources */,
				0F8B1176060F05A644AAF8FB /* DemoProgressData.swift in Sources */,
				68AD376877FF3DD3FBEB641F /* HiBossApp.swift in Sources */,
				761FC4F0D1827BBB9BFCD0F7 /* HistoryRow.swift in Sources */,
				2CD562188427FC30B93E263F /* HomeView.swift in Sources */,
				5EDC0AEB743173107F498F2F /* InboxSettlement.swift in Sources */,
				4C3CC9CBEEDCED80D593D8AF /* InboxStore.swift in Sources */,
				1553776326486621FD350726 /* InboxView.swift in Sources */,
				439087A86D4FA8E054A15F1E /* ListStateView.swift in Sources */,
				16C915691385AF2141445969 /* MessageAttributeStyle.swift in Sources */,
				7600F8475AE8F778AA97A714 /* MessageCard.swift in Sources */,
				11615439C9BCA9AC0736421B /* MessageDetailView.swift in Sources */,
				B5B66607B04766A23954B1F2 /* MessageDisplay.swift in Sources */,
				A07FC9BF66500F4E1E595881 /* MessageMeta.swift in Sources */,
				F2A955D7979A57ED705CFB78 /* MessagesView.swift in Sources */,
				B390797FAB6B075E3C8D234C /* Palette.swift in Sources */,
				E6A9A6EB7B5A63F93A38137D /* PreferencesStore.swift in Sources */,
				B97C7284B01AC80CE892A264 /* Priority.swift in Sources */,
				59EC4486EB14BA43AC79AFB7 /* ProgressFeedStore.swift in Sources */,
				1B3C732EF15C1BA795BD70EC /* ProgressFeedView.swift in Sources */,
				1DE86178D9794D1353514B9E /* ProgressMediaLayout.swift in Sources */,
				B802594AE8424CAB6717EA17 /* ProgressMediaView.swift in Sources */,
				E08B2758EE7D46B2F408F5EF /* ProgressMediaViewer.swift in Sources */,
				0C35236BC3E29A83BF9334CD /* ProgressPostCard.swift in Sources */,
				BD7DFDA29E8C456593B81718 /* ProgressTeamAvatar.swift in Sources */,
				1AE44BECED62093912724A21 /* ProgressVideoPlayer.swift in Sources */,
				D336BC91FE1CA0B804066C74 /* ProgressZoomView.swift in Sources */,
				7C9EC0BB0D4A317081113175 /* PushManager.swift in Sources */,
				11468F8BEBF2F4322FE3984E /* PushStatusStore.swift in Sources */,
				D65E72F56B3D3C17098619BF /* PushTieringSection.swift in Sources */,
				BB1796284ADD9D2CBDC2B49B /* QuietHoursSection.swift in Sources */,
				C3DBB1D3ECCD0E7142271BA6 /* RelativeTime.swift in Sources */,
				335B4FE46BDAA8A5C0A2BBF0 /* ReplySheet.swift in Sources */,
				730FCA421FE4E885AEF3B2F6 /* RespondIntent.swift in Sources */,
				A6D52D02F7F9A096BEC123B0 /* RootTabView.swift in Sources */,
				8A173100FC93F5D88A35F31F /* RoutingSection.swift in Sources */,
				F9206BC91FCBEF650BFD18E5 /* SessionCard.swift in Sources */,
				9276EB382DA08B0A2A5B5BCD /* SessionMessagesView.swift in Sources */,
				A5EC5D86F37311FE30E74AD3 /* SessionSectionHeader.swift in Sources */,
				634D1F39A52B99D7231102F5 /* SessionsView.swift in Sources */,
				45CC2525E50804258FEB6206 /* SettingsView.swift in Sources */,
				F3DA72E26461EDBB50251B9A /* Typography.swift in Sources */,
			);
			runOnlyForDeploymentPostprocessing = 0;
		};
/* End PBXSourcesBuildPhase section */

/* Begin PBXTargetDependency section */
		93B0075D70BC47BC497D19AF /* PBXTargetDependency */ = {
			isa = PBXTargetDependency;
			target = CEF1407928B021227FDFACC5 /* HiBoss */;
			targetProxy = E2E2836F7D119404AD2CCC16 /* PBXContainerItemProxy */;
		};
		E7C8EE9A9C91670D63F482CA /* PBXTargetDependency */ = {
			isa = PBXTargetDependency;
			target = CEF1407928B021227FDFACC5 /* HiBoss */;
			targetProxy = A2FE8598396F7D40668211ED /* PBXContainerItemProxy */;
		};
		F62F3A0B553FC6F6D8317E83 /* PBXTargetDependency */ = {
			isa = PBXTargetDependency;
			target = FA6A7E5C1D5DF1FA06939EE7 /* HiBossWidgets */;
			targetProxy = EAE2BBC2D617708415CE448B /* PBXContainerItemProxy */;
		};
/* End PBXTargetDependency section */

/* Begin XCBuildConfiguration section */
		23689FB60E5E83D7B18072BB /* Debug */ = {
			isa = XCBuildConfiguration;
			buildSettings = {
				BUNDLE_LOADER = "$(TEST_HOST)";
				CODE_SIGNING_ALLOWED = NO;
				GENERATE_INFOPLIST_FILE = YES;
				LD_RUNPATH_SEARCH_PATHS = (
					"$(inherited)",
					"@executable_path/Frameworks",
					"@loader_path/Frameworks",
				);
				PRODUCT_BUNDLE_IDENTIFIER = ai.hiboss.ios.uitests;
				SDKROOT = iphoneos;
				TARGETED_DEVICE_FAMILY = "1,2";
				TEST_TARGET_NAME = HiBoss;
			};
			name = Debug;
		};
		2ABD8194C346D8CDB491AACA /* Release */ = {
			isa = XCBuildConfiguration;
			buildSettings = {
				CODE_SIGNING_ALLOWED = NO;
				CODE_SIGN_STYLE = Automatic;
				GENERATE_INFOPLIST_FILE = NO;
				INFOPLIST_FILE = Widgets/Info.plist;
				LD_RUNPATH_SEARCH_PATHS = (
					"$(inherited)",
					"@executable_path/Frameworks",
					"@executable_path/../../Frameworks",
				);
				PRODUCT_BUNDLE_IDENTIFIER = ai.hiboss.ios.widgets;
				SDKROOT = iphoneos;
				TARGETED_DEVICE_FAMILY = "1,2";
			};
			name = Release;
		};
		30C3B2D645C4B38CD6BC5E45 /* Debug */ = {
			isa = XCBuildConfiguration;
			buildSettings = {
				ALWAYS_SEARCH_USER_PATHS = NO;
				CLANG_ANALYZER_NONNULL = YES;
				CLANG_ANALYZER_NUMBER_OBJECT_CONVERSION = YES_AGGRESSIVE;
				CLANG_CXX_LANGUAGE_STANDARD = "gnu++14";
				CLANG_CXX_LIBRARY = "libc++";
				CLANG_ENABLE_MODULES = YES;
				CLANG_ENABLE_OBJC_ARC = YES;
				CLANG_ENABLE_OBJC_WEAK = YES;
				CLANG_WARN_BLOCK_CAPTURE_AUTORELEASING = YES;
				CLANG_WARN_BOOL_CONVERSION = YES;
				CLANG_WARN_COMMA = YES;
				CLANG_WARN_CONSTANT_CONVERSION = YES;
				CLANG_WARN_DEPRECATED_OBJC_IMPLEMENTATIONS = YES;
				CLANG_WARN_DIRECT_OBJC_ISA_USAGE = YES_ERROR;
				CLANG_WARN_DOCUMENTATION_COMMENTS = YES;
				CLANG_WARN_EMPTY_BODY = YES;
				CLANG_WARN_ENUM_CONVERSION = YES;
				CLANG_WARN_INFINITE_RECURSION = YES;
				CLANG_WARN_INT_CONVERSION = YES;
				CLANG_WARN_NON_LITERAL_NULL_CONVERSION = YES;
				CLANG_WARN_OBJC_IMPLICIT_RETAIN_SELF = YES;
				CLANG_WARN_OBJC_LITERAL_CONVERSION = YES;
				CLANG_WARN_OBJC_ROOT_CLASS = YES_ERROR;
				CLANG_WARN_QUOTED_INCLUDE_IN_FRAMEWORK_HEADER = YES;
				CLANG_WARN_RANGE_LOOP_ANALYSIS = YES;
				CLANG_WARN_STRICT_PROTOTYPES = YES;
				CLANG_WARN_SUSPICIOUS_MOVE = YES;
				CLANG_WARN_UNGUARDED_AVAILABILITY = YES_AGGRESSIVE;
				CLANG_WARN_UNREACHABLE_CODE = YES;
				CLANG_WARN__DUPLICATE_METHOD_MATCH = YES;
				COPY_PHASE_STRIP = NO;
				CURRENT_PROJECT_VERSION = 1;
				DEBUG_INFORMATION_FORMAT = dwarf;
				ENABLE_STRICT_OBJC_MSGSEND = YES;
				ENABLE_TESTABILITY = YES;
				ENABLE_USER_SCRIPT_SANDBOXING = YES;
				GCC_C_LANGUAGE_STANDARD = gnu11;
				GCC_DYNAMIC_NO_PIC = NO;
				GCC_NO_COMMON_BLOCKS = YES;
				GCC_OPTIMIZATION_LEVEL = 0;
				GCC_PREPROCESSOR_DEFINITIONS = (
					"$(inherited)",
					"DEBUG=1",
				);
				GCC_WARN_64_TO_32_BIT_CONVERSION = YES;
				GCC_WARN_ABOUT_RETURN_TYPE = YES_ERROR;
				GCC_WARN_UNDECLARED_SELECTOR = YES;
				GCC_WARN_UNINITIALIZED_AUTOS = YES_AGGRESSIVE;
				GCC_WARN_UNUSED_FUNCTION = YES;
				GCC_WARN_UNUSED_VARIABLE = YES;
				IPHONEOS_DEPLOYMENT_TARGET = 17.0;
				MARKETING_VERSION = 0.1.0;
				MTL_ENABLE_DEBUG_INFO = INCLUDE_SOURCE;
				MTL_FAST_MATH = YES;
				ONLY_ACTIVE_ARCH = YES;
				PRODUCT_NAME = "$(TARGET_NAME)";
				SDKROOT = iphoneos;
				SWIFT_ACTIVE_COMPILATION_CONDITIONS = DEBUG;
				SWIFT_OPTIMIZATION_LEVEL = "-Onone";
				SWIFT_VERSION = 6.0;
			};
			name = Debug;
		};
		3B1D4E213E6CF5733E8E4810 /* Release */ = {
			isa = XCBuildConfiguration;
			buildSettings = {
				ALWAYS_SEARCH_USER_PATHS = NO;
				CLANG_ANALYZER_NONNULL = YES;
				CLANG_ANALYZER_NUMBER_OBJECT_CONVERSION = YES_AGGRESSIVE;
				CLANG_CXX_LANGUAGE_STANDARD = "gnu++14";
				CLANG_CXX_LIBRARY = "libc++";
				CLANG_ENABLE_MODULES = YES;
				CLANG_ENABLE_OBJC_ARC = YES;
				CLANG_ENABLE_OBJC_WEAK = YES;
				CLANG_WARN_BLOCK_CAPTURE_AUTORELEASING = YES;
				CLANG_WARN_BOOL_CONVERSION = YES;
				CLANG_WARN_COMMA = YES;
				CLANG_WARN_CONSTANT_CONVERSION = YES;
				CLANG_WARN_DEPRECATED_OBJC_IMPLEMENTATIONS = YES;
				CLANG_WARN_DIRECT_OBJC_ISA_USAGE = YES_ERROR;
				CLANG_WARN_DOCUMENTATION_COMMENTS = YES;
				CLANG_WARN_EMPTY_BODY = YES;
				CLANG_WARN_ENUM_CONVERSION = YES;
				CLANG_WARN_INFINITE_RECURSION = YES;
				CLANG_WARN_INT_CONVERSION = YES;
				CLANG_WARN_NON_LITERAL_NULL_CONVERSION = YES;
				CLANG_WARN_OBJC_IMPLICIT_RETAIN_SELF = YES;
				CLANG_WARN_OBJC_LITERAL_CONVERSION = YES;
				CLANG_WARN_OBJC_ROOT_CLASS = YES_ERROR;
				CLANG_WARN_QUOTED_INCLUDE_IN_FRAMEWORK_HEADER = YES;
				CLANG_WARN_RANGE_LOOP_ANALYSIS = YES;
				CLANG_WARN_STRICT_PROTOTYPES = YES;
				CLANG_WARN_SUSPICIOUS_MOVE = YES;
				CLANG_WARN_UNGUARDED_AVAILABILITY = YES_AGGRESSIVE;
				CLANG_WARN_UNREACHABLE_CODE = YES;
				CLANG_WARN__DUPLICATE_METHOD_MATCH = YES;
				COPY_PHASE_STRIP = NO;
				CURRENT_PROJECT_VERSION = 1;
				DEBUG_INFORMATION_FORMAT = "dwarf-with-dsym";
				ENABLE_NS_ASSERTIONS = NO;
				ENABLE_STRICT_OBJC_MSGSEND = YES;
				ENABLE_USER_SCRIPT_SANDBOXING = YES;
				GCC_C_LANGUAGE_STANDARD = gnu11;
				GCC_NO_COMMON_BLOCKS = YES;
				GCC_WARN_64_TO_32_BIT_CONVERSION = YES;
				GCC_WARN_ABOUT_RETURN_TYPE = YES_ERROR;
				GCC_WARN_UNDECLARED_SELECTOR = YES;
				GCC_WARN_UNINITIALIZED_AUTOS = YES_AGGRESSIVE;
				GCC_WARN_UNUSED_FUNCTION = YES;
				GCC_WARN_UNUSED_VARIABLE = YES;
				IPHONEOS_DEPLOYMENT_TARGET = 17.0;
				MARKETING_VERSION = 0.1.0;
				MTL_ENABLE_DEBUG_INFO = NO;
				MTL_FAST_MATH = YES;
				PRODUCT_NAME = "$(TARGET_NAME)";
				SDKROOT = iphoneos;
				SWIFT_COMPILATION_MODE = wholemodule;
				SWIFT_OPTIMIZATION_LEVEL = "-O";
				SWIFT_VERSION = 6.0;
			};
			name = Release;
		};
		729BB6C84D71EB4029911402 /* Release */ = {
			isa = XCBuildConfiguration;
			buildSettings = {
				ASSETCATALOG_COMPILER_APPICON_NAME = AppIcon;
				ASSETCATALOG_COMPILER_GLOBAL_ACCENT_COLOR_NAME = AccentColor;
				CODE_SIGNING_ALLOWED = NO;
				CODE_SIGN_ENTITLEMENTS = App/HiBoss.entitlements;
				CODE_SIGN_IDENTITY = "iPhone Developer";
				CODE_SIGN_STYLE = Automatic;
				ENABLE_PREVIEWS = YES;
				GENERATE_INFOPLIST_FILE = NO;
				INFOPLIST_FILE = App/Info.plist;
				LD_RUNPATH_SEARCH_PATHS = (
					"$(inherited)",
					"@executable_path/Frameworks",
				);
				PRODUCT_BUNDLE_IDENTIFIER = ai.hiboss.ios;
				SDKROOT = iphoneos;
				TARGETED_DEVICE_FAMILY = "1,2";
			};
			name = Release;
		};
		7D3E07229C31C6FDF3CAE40A /* Release */ = {
			isa = XCBuildConfiguration;
			buildSettings = {
				BUNDLE_LOADER = "$(TEST_HOST)";
				CODE_SIGNING_ALLOWED = NO;
				GENERATE_INFOPLIST_FILE = YES;
				LD_RUNPATH_SEARCH_PATHS = (
					"$(inherited)",
					"@executable_path/Frameworks",
					"@loader_path/Frameworks",
				);
				PRODUCT_BUNDLE_IDENTIFIER = ai.hiboss.ios.uitests;
				SDKROOT = iphoneos;
				TARGETED_DEVICE_FAMILY = "1,2";
				TEST_TARGET_NAME = HiBoss;
			};
			name = Release;
		};
		A93FDB30F5C74CDE723AB1D6 /* Debug */ = {
			isa = XCBuildConfiguration;
			buildSettings = {
				BUNDLE_LOADER = "$(TEST_HOST)";
				CODE_SIGNING_ALLOWED = NO;
				GENERATE_INFOPLIST_FILE = YES;
				LD_RUNPATH_SEARCH_PATHS = (
					"$(inherited)",
					"@executable_path/Frameworks",
					"@loader_path/Frameworks",
				);
				PRODUCT_BUNDLE_IDENTIFIER = ai.hiboss.ios.tests;
				SDKROOT = iphoneos;
				TARGETED_DEVICE_FAMILY = "1,2";
				TEST_HOST = "$(BUILT_PRODUCTS_DIR)/HiBoss.app/HiBoss";
			};
			name = Debug;
		};
		C03775187A5ED7B1D6EC773C /* Debug */ = {
			isa = XCBuildConfiguration;
			buildSettings = {
				ASSETCATALOG_COMPILER_APPICON_NAME = AppIcon;
				ASSETCATALOG_COMPILER_GLOBAL_ACCENT_COLOR_NAME = AccentColor;
				CODE_SIGNING_ALLOWED = NO;
				CODE_SIGN_ENTITLEMENTS = App/HiBoss.entitlements;
				CODE_SIGN_IDENTITY = "iPhone Developer";
				CODE_SIGN_STYLE = Automatic;
				ENABLE_PREVIEWS = YES;
				GENERATE_INFOPLIST_FILE = NO;
				INFOPLIST_FILE = App/Info.plist;
				LD_RUNPATH_SEARCH_PATHS = (
					"$(inherited)",
					"@executable_path/Frameworks",
				);
				PRODUCT_BUNDLE_IDENTIFIER = ai.hiboss.ios;
				SDKROOT = iphoneos;
				TARGETED_DEVICE_FAMILY = "1,2";
			};
			name = Debug;
		};
		D679FD7CF94B07DD4B604A1B /* Release */ = {
			isa = XCBuildConfiguration;
			buildSettings = {
				BUNDLE_LOADER = "$(TEST_HOST)";
				CODE_SIGNING_ALLOWED = NO;
				GENERATE_INFOPLIST_FILE = YES;
				LD_RUNPATH_SEARCH_PATHS = (
					"$(inherited)",
					"@executable_path/Frameworks",
					"@loader_path/Frameworks",
				);
				PRODUCT_BUNDLE_IDENTIFIER = ai.hiboss.ios.tests;
				SDKROOT = iphoneos;
				TARGETED_DEVICE_FAMILY = "1,2";
				TEST_HOST = "$(BUILT_PRODUCTS_DIR)/HiBoss.app/HiBoss";
			};
			name = Release;
		};
		FF44CC5BEE6D65BE5BE1B510 /* Debug */ = {
			isa = XCBuildConfiguration;
			buildSettings = {
				CODE_SIGNING_ALLOWED = NO;
				CODE_SIGN_STYLE = Automatic;
				GENERATE_INFOPLIST_FILE = NO;
				INFOPLIST_FILE = Widgets/Info.plist;
				LD_RUNPATH_SEARCH_PATHS = (
					"$(inherited)",
					"@executable_path/Frameworks",
					"@executable_path/../../Frameworks",
				);
				PRODUCT_BUNDLE_IDENTIFIER = ai.hiboss.ios.widgets;
				SDKROOT = iphoneos;
				TARGETED_DEVICE_FAMILY = "1,2";
			};
			name = Debug;
		};
/* End XCBuildConfiguration section */

/* Begin XCConfigurationList section */
		4559ADA3F4A2DA4D43D6081F /* Build configuration list for PBXNativeTarget "HiBossUITests" */ = {
			isa = XCConfigurationList;
			buildConfigurations = (
				23689FB60E5E83D7B18072BB /* Debug */,
				7D3E07229C31C6FDF3CAE40A /* Release */,
			);
			defaultConfigurationIsVisible = 0;
			defaultConfigurationName = Debug;
		};
		4FC174B983D15C03A7C34BB1 /* Build configuration list for PBXNativeTarget "HiBossWidgets" */ = {
			isa = XCConfigurationList;
			buildConfigurations = (
				FF44CC5BEE6D65BE5BE1B510 /* Debug */,
				2ABD8194C346D8CDB491AACA /* Release */,
			);
			defaultConfigurationIsVisible = 0;
			defaultConfigurationName = Debug;
		};
		603D3A76439DCBFCA96DC277 /* Build configuration list for PBXNativeTarget "HiBossTests" */ = {
			isa = XCConfigurationList;
			buildConfigurations = (
				A93FDB30F5C74CDE723AB1D6 /* Debug */,
				D679FD7CF94B07DD4B604A1B /* Release */,
			);
			defaultConfigurationIsVisible = 0;
			defaultConfigurationName = Debug;
		};
		8C92A964448B8E569BEE6992 /* Build configuration list for PBXNativeTarget "HiBoss" */ = {
			isa = XCConfigurationList;
			buildConfigurations = (
				C03775187A5ED7B1D6EC773C /* Debug */,
				729BB6C84D71EB4029911402 /* Release */,
			);
			defaultConfigurationIsVisible = 0;
			defaultConfigurationName = Debug;
		};
		A1ECD2581EDAA34645024A29 /* Build configuration list for PBXProject "HiBoss" */ = {
			isa = XCConfigurationList;
			buildConfigurations = (
				30C3B2D645C4B38CD6BC5E45 /* Debug */,
				3B1D4E213E6CF5733E8E4810 /* Release */,
			);
			defaultConfigurationIsVisible = 0;
			defaultConfigurationName = Debug;
		};
/* End XCConfigurationList section */

/* Begin XCLocalSwiftPackageReference section */
		80E1C2DD347B725FF00D27CE /* XCLocalSwiftPackageReference "../HibossKit" */ = {
			isa = XCLocalSwiftPackageReference;
			relativePath = ../HibossKit;
		};
/* End XCLocalSwiftPackageReference section */

/* Begin XCSwiftPackageProductDependency section */
		0812026A36C6DC3A7D604423 /* HibossKit */ = {
			isa = XCSwiftPackageProductDependency;
			productName = HibossKit;
		};
		6130F24DC3B95160884D0B5A /* HibossKit */ = {
			isa = XCSwiftPackageProductDependency;
			productName = HibossKit;
		};
/* End XCSwiftPackageProductDependency section */
	};
	rootObject = 406E7AE4875C0584318C5D68 /* Project object */;
}
